
Microsoft Visual Studio Solution File, Format Version 12.00
# Visual Studio Version 16
VisualStudioVersion = 16.0.30406.217
MinimumVisualStudioVersion = 10.0.40219.1
Project("{FAE04EC0-301F-11D3-BF4B-00C04F79EFBC}") = "MonkeTrainers", "MonkeTrainers\MonkeTrainers.csproj", "{2051BA23-E8E1-49F3-9558-F611B9C4998C}"
EndProject
Global
	GlobalSection(SolutionConfigurationPlatforms) = preSolution
		Debug|Any CPU = Debug|Any CPU
		Release|Any CPU = Release|Any CPU
	EndGlobalSection
	GlobalSection(ProjectConfigurationPlatforms) = postSolution
		{2051BA23-E8E1-49F3-9558-F611B9C4998C}.Debug|Any CPU.ActiveCfg = Debug|Any CPU
		{2051BA23-E8E1-49F3-9558-F611B9C4998C}.Debug|Any CPU.Build.0 = Debug|Any CPU
		{2051BA23-E8E1-49F3-9558-F611B9C4998C}.Release|Any CPU.ActiveCfg = Release|Any CPU
		{2051BA23-E8E1-49F3-9558-F611B9C4998C}.Release|Any CPU.Build.0 = Release|Any CPU
	EndGlobalSection
	GlobalSection(SolutionProperties) = preSolution
		HideSolutionNode = FALSE
	EndGlobalSection
	GlobalSection(ExtensibilityGlobals) = postSolution
		SolutionGuid = {A749BEC7-1FF1-4286-9C77-92142B52EE68}
	EndGlobalSection
EndGlobal
